
Microsoft Visual Studio Solution File, Format Version 12.00
# Visual Studio Version 17
VisualStudioVersion = 17.8.34330.188
MinimumVisualStudioVersion = 10.0.40219.1
Project("{8BC9CEB8-8B4A-11D0-8D11-00A0C91BC942}") = "Server", "Server\Server.vcxproj", "{D7C207EC-BCE0-4BB3-BC05-83B1E711BF59}"
EndProject
Project("{8BC9CEB8-8B4A-11D0-8D11-00A0C91BC942}") = "Client", "..\Client\Client\Client.vcxproj", "{72BD025C-DCEB-404A-8CC8-EF4C99245475}"
EndProject
Global
	GlobalSection(SolutionConfigurationPlatforms) = preSolution
		Debug|x64 = Debug|x64
		Debug|x86 = Debug|x86
		Release|x64 = Release|x64
		Release|x86 = Release|x86
	EndGlobalSection
	GlobalSection(ProjectConfigurationPlatforms) = postSolution
		{D7C207EC-BCE0-4BB3-BC05-83B1E711BF59}.Debug|x64.ActiveCfg = Debug|x64
		{D7C207EC-BCE0-4BB3-BC05-83B1E711BF59}.Debug|x64.Build.0 = Debug|x64
		{D7C207EC-BCE0-4BB3-BC05-83B1E711BF59}.Debug|x86.ActiveCfg = Debug|Win32
		{D7C207EC-BCE0-4BB3-BC05-83B1E711BF59}.Debug|x86.Build.0 = Debug|Win32
		{D7C207EC-BCE0-4BB3-BC05-83B1E711BF59}.Release|x64.ActiveCfg = Release|x64
		{D7C207EC-BCE0-4BB3-BC05-83B1E711BF59}.Release|x64.Build.0 = Release|x64
		{D7C207EC-BCE0-4BB3-BC05-83B1E711BF59}.Release|x86.ActiveCfg = Release|Win32
		{D7C207EC-BCE0-4BB3-BC05-83B1E711BF59}.Release|x86.Build.0 = Release|Win32
		{72BD025C-DCEB-404A-8CC8-EF4C99245475}.Debug|x64.ActiveCfg = Debug|x64
		{72BD025C-DCEB-404A-8CC8-EF4C99245475}.Debug|x64.Build.0 = Debug|x64
		{72BD025C-DCEB-404A-8CC8-EF4C99245475}.Debug|x86.ActiveCfg = Debug|Win32
		{72BD025C-DCEB-404A-8CC8-EF4C99245475}.Debug|x86.Build.0 = Debug|Win32
		{72BD025C-DCEB-404A-8CC8-EF4C99245475}.Release|x64.ActiveCfg = Release|x64
		{72BD025C-DCEB-404A-8CC8-EF4C99245475}.Release|x64.Build.0 = Release|x64
		{72BD025C-DCEB-404A-8CC8-EF4C99245475}.Release|x86.ActiveCfg = Release|Win32
		{72BD025C-DCEB-404A-8CC8-EF4C99245475}.Release|x86.Build.0 = Release|Win32
	EndGlobalSection
	GlobalSection(SolutionProperties) = preSolution
		HideSolutionNode = FALSE
	EndGlobalSection
	GlobalSection(ExtensibilityGlobals) = postSolution
		SolutionGuid = {0478B2AC-8B5A-44C8-9688-179280FA55A6}
	EndGlobalSection
EndGlobal
